
Microsoft Visual Studio Solution File, Format Version 12.00
# Visual Studio 14
VisualStudioVersion = 14.0.25420.1
MinimumVisualStudioVersion = 10.0.40219.1
Project("{FAE04EC0-301F-11D3-BF4B-00C04F79EFBC}") = "DesignWeb_Project", "DesignWeb_Project\DesignWeb_Project.csproj", "{F13352E4-81D2-48FB-9967-8FE58F6F1C4F}"
EndProject
Project("{FAE04EC0-301F-11D3-BF4B-00C04F79EFBC}") = "DesignWeb.UnitTest", "DesignWeb.UnitTest\DesignWeb.UnitTest.csproj", "{D5F6001B-87BB-403F-A639-9FE7DFE71087}"
EndProject
Global
	GlobalSection(SolutionConfigurationPlatforms) = preSolution
		Debug|Any CPU = Debug|Any CPU
		Release|Any CPU = Release|Any CPU
	EndGlobalSection
	GlobalSection(ProjectConfigurationPlatforms) = postSolution
		{F13352E4-81D2-48FB-9967-8FE58F6F1C4F}.Debug|Any CPU.ActiveCfg = Debug|Any CPU
		{F13352E4-81D2-48FB-9967-8FE58F6F1C4F}.Debug|Any CPU.Build.0 = Debug|Any CPU
		{F13352E4-81D2-48FB-9967-8FE58F6F1C4F}.Release|Any CPU.ActiveCfg = Release|Any CPU
		{F13352E4-81D2-48FB-9967-8FE58F6F1C4F}.Release|Any CPU.Build.0 = Release|Any CPU
		{D5F6001B-87BB-403F-A639-9FE7DFE71087}.Debug|Any CPU.ActiveCfg = Debug|Any CPU
		{D5F6001B-87BB-403F-A639-9FE7DFE71087}.Debug|Any CPU.Build.0 = Debug|Any CPU
		{D5F6001B-87BB-403F-A639-9FE7DFE71087}.Release|Any CPU.ActiveCfg = Release|Any CPU
		{D5F6001B-87BB-403F-A639-9FE7DFE71087}.Release|Any CPU.Build.0 = Release|Any CPU
	EndGlobalSection
	GlobalSection(SolutionProperties) = preSolution
		HideSolutionNode = FALSE
	EndGlobalSection
EndGlobal
